hash: 6bd2a036831ea725872527be170e3e1c247db7a32498ccaf3cac51e6f762c26d
updated: 2016-10-29T04:16:18.608850004Z
imports:
- name: github.com/andybalholm/cascadia
  version: 65919c611220063037b1db8eb334acaf17a6d8ea
- name: github.com/howeyc/gopass
  version: f5387c492211eb133053880d23dfae62aa14123d
- name: github.com/labstack/echo
  version: 276394d973b8cdf2569c18ae5dc0edbb5455f8e5
  subpackages:
  - context
  - engine
  - engine/standard
  - log
- name: github.com/labstack/gommon
  version: 2d272df536d051e737aea353b86c979d6e88bce0
  subpackages:
  - color
  - log
- name: github.com/mattn/go-colorable
  version: 6c903ff4aa50920ca86087a280590b36b3152b9c
- name: github.com/mattn/go-isatty
  version: 66b8e73f3f5cda9f96b69efd03dd3d7fc4a5cdb8
- name: github.com/mgutz/ansi
  version: c286dcecd19ff979eeb73ea444e479b903f2cfcb
- name: github.com/mgutz/minimist
  version: 39eb8cf573ca29344bd7d7e6ba4d7febdebd37a9
- name: github.com/mgutz/str
  version: 968bf66e3da857419e4f6e71b2d5c9ae95682dc4
- name: github.com/mgutz/to
  version: 2a0bcba0661696e339461f5efb2273f4459dd1b9
- name: github.com/MichaelTJones/walk
  version: 3af09438b0ab0e8f296410bfa646a7e635ea1fc0
- name: github.com/nozzle/throttler
  version: d9b45f19996c645d38c9266d1f5cf1990e930119
- name: github.com/PuerkitoBio/goquery
  version: 152b1a2c8f5d0340f658bb656032a39b94e52958
- name: github.com/valyala/fasttemplate
  version: 3b874956e03f1636d171bda64b130f9135f42cff
- name: golang.org/x/crypto
  version: b2fa06b6af4b7c9bfeb8569ab7b17f04550717bf
  subpackages:
  - ssh/terminal
- name: golang.org/x/net
  version: dffc95cbb4ff9af8614b2741ec26371fffcc19b3
  subpackages:
  - context
  - html
  - html/atom
- name: golang.org/x/sys
  version: c200b10b5d5e122be351b67af224adc6128af5bf
  subpackages:
  - unix
- name: gopkg.in/godo.v2
  version: b5fd2f0bef1ebe832e628cfad18ab1cc707f65a1
  subpackages:
  - cmd/godo
  - glob
  - util
  - watcher
  - watcher/fswatch
testImports: []
